<?xml version="1.0" encoding="utf-8"?>
<Project ToolsVersion="4.0" xmlns="http://schemas.microsoft.com/developer/msbuild/2003">
  <ItemGroup>
    <ClCompile Include="glad.c" />
    <ClCompile Include="src\Core\CoreEngine.cpp" />
    <ClCompile Include="src\Core\Game.cpp" />
    <ClCompile Include="src\Core\GameObject.cpp" />
    <ClCompile Include="src\Core\Input.cpp" />
    <ClCompile Include="src\Core\MousePicker.cpp" />
    <ClCompile Include="src\Core\Time.cpp" />
    <ClCompile Include="src\Core\Transform.cpp" />
    <ClCompile Include="src\main.cpp" />
    <ClCompile Include="src\PhysicsEngine\Aabb.cpp" />
    <ClCompile Include="src\PhysicsEngine\BoundingSphere.cpp" />
    <ClCompile Include="src\PhysicsEngine\Collider.cpp" />
    <ClCompile Include="src\PhysicsEngine\PhysicsEngine.cpp" />
    <ClCompile Include="src\PhysicsEngine\PhysicsObject.cpp" />
    <ClCompile Include="src\PhysicsEngine\Plane.cpp" />
    <ClCompile Include="src\RenderEngine\Mesh.cpp" />
    <ClCompile Include="src\RenderEngine\Model.cpp" />
    <ClCompile Include="src\RenderEngine\RenderEngine.cpp" />
    <ClCompile Include="src\RenderEngine\RenderUtil.cpp" />
    <ClCompile Include="src\RenderEngine\Shader.cpp" />
    <ClCompile Include="src\RenderEngine\Window.cpp" />
  </ItemGroup>
  <ItemGroup>
    <ClInclude Include="src\Clumsy.h" />
    <ClInclude Include="src\Components\MoveComponent.h" />
    <ClInclude Include="src\Components\PhysicsEngineComponent.h" />
    <ClInclude Include="src\Components\PhysicsObjectComponent.h" />
    <ClInclude Include="src\Components\RenderModelComponent.h" />
    <ClInclude Include="src\Core\CoreEngine.h" />
    <ClInclude Include="src\Core\EntityComponent.h" />
    <ClInclude Include="src\Core\Game.h" />
    <ClInclude Include="src\Core\GameObject.h" />
    <ClInclude Include="src\Core\Input.h" />
    <ClInclude Include="src\Core\KeyCodes.h" />
    <ClInclude Include="src\Core\MousePicker.h" />
    <ClInclude Include="src\Core\Time.h" />
    <ClInclude Include="src\Core\Timestep.h" />
    <ClInclude Include="src\Core\Transform.h" />
    <ClInclude Include="src\Core\Vector2f.h" />
    <ClInclude Include="src\pch.h" />
    <ClInclude Include="src\PhysicsEngine\Aabb.h" />
    <ClInclude Include="src\PhysicsEngine\BoundingSphere.h" />
    <ClInclude Include="src\PhysicsEngine\Collider.h" />
    <ClInclude Include="src\PhysicsEngine\IntersectData.h" />
    <ClInclude Include="src\PhysicsEngine\PhysicsEngine.h" />
    <ClInclude Include="src\PhysicsEngine\PhysicsObject.h" />
    <ClInclude Include="src\PhysicsEngine\Plane.h" />
    <ClInclude Include="src\PhysicsEngine\ReferenceCounter.h" />
    <ClInclude Include="src\RenderEngine\Camera.h" />
    <ClInclude Include="src\RenderEngine\Mesh.h" />
    <ClInclude Include="src\RenderEngine\Model.h" />
    <ClInclude Include="src\RenderEngine\RenderEngine.h" />
    <ClInclude Include="src\RenderEngine\RenderUtil.h" />
    <ClInclude Include="src\RenderEngine\Shader.h" />
    <ClInclude Include="src\RenderEngine\Window.h" />
  </ItemGroup>
  <ItemGroup>
    <None Include="src\Shaders\model_loadingFS.glsl" />
    <None Include="src\Shaders\model_loadingVS.glsl" />
  </ItemGroup>
</Project>